
Microsoft Visual Studio Solution File, Format Version 12.00
# Visual Studio 15
VisualStudioVersion = 15.0.28307.168
MinimumVisualStudioVersion = 10.0.40219.1
Project("{FAE04EC0-301F-11D3-BF4B-00C04F79EFBC}") = "Strings-Ex15", "Strings-Ex15\Strings-Ex15.csproj", "{66B4FD90-84BC-4AE8-BDD0-CEC09C1D71A9}"
EndProject
Global
	GlobalSection(SolutionConfigurationPlatforms) = preSolution
		Debug|Any CPU = Debug|Any CPU
		Release|Any CPU = Release|Any CPU
	EndGlobalSection
	GlobalSection(ProjectConfigurationPlatforms) = postSolution
		{66B4FD90-84BC-4AE8-BDD0-CEC09C1D71A9}.Debug|Any CPU.ActiveCfg = Debug|Any CPU
		{66B4FD90-84BC-4AE8-BDD0-CEC09C1D71A9}.Debug|Any CPU.Build.0 = Debug|Any CPU
		{66B4FD90-84BC-4AE8-BDD0-CEC09C1D71A9}.Release|Any CPU.ActiveCfg = Release|Any CPU
		{66B4FD90-84BC-4AE8-BDD0-CEC09C1D71A9}.Release|Any CPU.Build.0 = Release|Any CPU
	EndGlobalSection
	GlobalSection(SolutionProperties) = preSolution
		HideSolutionNode = FALSE
	EndGlobalSection
	GlobalSection(ExtensibilityGlobals) = postSolution
		SolutionGuid = {ADD35D2D-49D5-4875-B280-71A2A2749B43}
	EndGlobalSection
EndGlobal
